// !$*UTF8*$!
{
	archiveVersion = 1;
	classes = {
	};
	objectVersion = 50;
	objects = {

/* Begin PBXBuildFile section */
		3E794B812177899D00282699 /* main.cpp in Sources */ = {isa = PBXBuildFile; fileRef = 3EDC7ED8216EAE0600C7AB2A /* main.cpp */; };
		3E794B9F21778A4400282699 /* main.cpp in Sources */ = {isa = PBXBuildFile; fileRef = 3E794B9E21778A4400282699 /* main.cpp */; };
		3EA73F932177E15700A52FC3 /* file2.txt in Sources */ = {isa = PBXBuildFile; fileRef = 3EA73F922177E15700A52FC3 /* file2.txt */; };
		3EADFCE82180BB35002F312E /* main.cpp in Sources */ = {isa = PBXBuildFile; fileRef = 3EADFCE72180BB35002F312E /* main.cpp */; };
		3EADFCF321810F96002F312E /* main.cpp in Sources */ = {isa = PBXBuildFile; fileRef = 3EADFCF221810F96002F312E /* main.cpp */; };
		3EADFCFE2181296E002F312E /* main.cpp in Sources */ = {isa = PBXBuildFile; fileRef = 3EADFCFD2181296E002F312E /* main.cpp */; };
		3EADFD0921812A60002F312E /* main.cpp in Sources */ = {isa = PBXBuildFile; fileRef = 3EADFD0821812A60002F312E /* main.cpp */; };
		3EDC7ECC216D6D1E00C7AB2A /* main.cpp in Sources */ = {isa = PBXBuildFile; fileRef = 3EDC7ECB216D6D1E00C7AB2A /* main.cpp */; };
/* End PBXBuildFile section */

/* Begin PBXCopyFilesBuildPhase section */
		3E794B84217789B800282699 /* CopyFiles */ = {
			isa = PBXCopyFilesBuildPhase;
			buildActionMask = 2147483647;
			dstPath = /usr/share/man/man1/;
			dstSubfolderSpec = 0;
			files = (
			);
			runOnlyForDeploymentPostprocessing = 1;
		};
		3E794B8F21778A2600282699 /* CopyFiles */ = {
			isa = PBXCopyFilesBuildPhase;
			buildActionMask = 2147483647;
			dstPath = /usr/share/man/man1/;
			dstSubfolderSpec = 0;
			files = (
			);
			runOnlyForDeploymentPostprocessing = 1;
		};
		3E794B9A21778A4400282699 /* CopyFiles */ = {
			isa = PBXCopyFilesBuildPhase;
			buildActionMask = 2147483647;
			dstPath = /usr/share/man/man1/;
			dstSubfolderSpec = 0;
			files = (
			);
			runOnlyForDeploymentPostprocessing = 1;
		};
		3EADFCE32180BB35002F312E /* CopyFiles */ = {
			isa = PBXCopyFilesBuildPhase;
			buildActionMask = 2147483647;
			dstPath = /usr/share/man/man1/;
			dstSubfolderSpec = 0;
			files = (
			);
			runOnlyForDeploymentPostprocessing = 1;
		};
		3EADFCEE21810F96002F312E /* CopyFiles */ = {
			isa = PBXCopyFilesBuildPhase;
			buildActionMask = 2147483647;
			dstPath = /usr/share/man/man1/;
			dstSubfolderSpec = 0;
			files = (
			);
			runOnlyForDeploymentPostprocessing = 1;
		};
		3EADFCF92181296E002F312E /* CopyFiles */ = {
			isa = PBXCopyFilesBuildPhase;
			buildActionMask = 2147483647;
			dstPath = /usr/share/man/man1/;
			dstSubfolderSpec = 0;
			files = (
			);
			runOnlyForDeploymentPostprocessing = 1;
		};
		3EADFD0421812A60002F312E /* CopyFiles */ = {
			isa = PBXCopyFilesBuildPhase;
			buildActionMask = 2147483647;
			dstPath = /usr/share/man/man1/;
			dstSubfolderSpec = 0;
			files = (
			);
			runOnlyForDeploymentPostprocessing = 1;
		};
		3EDC7EC6216D6D1E00C7AB2A /* CopyFiles */ = {
			isa = PBXCopyFilesBuildPhase;
			buildActionMask = 2147483647;
			dstPath = /usr/share/man/man1/;
			dstSubfolderSpec = 0;
			files = (
			);
			runOnlyForDeploymentPostprocessing = 1;
		};
		3EDC7ED4216EAE0600C7AB2A /* CopyFiles */ = {
			isa = PBXCopyFilesBuildPhase;
			buildActionMask = 2147483647;
			dstPath = /usr/share/man/man1/;
			dstSubfolderSpec = 0;
			files = (
			);
			runOnlyForDeploymentPostprocessing = 1;
		};
		3EDC7EDF216EB6AC00C7AB2A /* CopyFiles */ = {
			isa = PBXCopyFilesBuildPhase;
			buildActionMask = 2147483647;
			dstPath = /usr/share/man/man1/;
			dstSubfolderSpec = 0;
			files = (
			);
			runOnlyForDeploymentPostprocessing = 1;
		};
/* End PBXCopyFilesBuildPhase section */

/* Begin PBXFileReference section */
		3E794B86217789B800282699 /* maticeCal */ = {isa = PBXFileReference; explicitFileType = "compiled.mach-o.executable"; includeInIndex = 0; path = maticeCal; sourceTree = BUILT_PRODUCTS_DIR; };
		3E794B9121778A2600282699 /* matriceCal */ = {isa = PBXFileReference; explicitFileType = "compiled.mach-o.executable"; includeInIndex = 0; path = matriceCal; sourceTree = BUILT_PRODUCTS_DIR; };
		3E794B9C21778A4400282699 /* matrixCal */ = {isa = PBXFileReference; explicitFileType = "compiled.mach-o.executable"; includeInIndex = 0; path = matrixCal; sourceTree = BUILT_PRODUCTS_DIR; };
		3E794B9E21778A4400282699 /* main.cpp */ = {isa = PBXFileReference; lastKnownFileType = sourcecode.cpp.cpp; path = main.cpp; sourceTree = "<group>"; };
		3EA73F912177E13600A52FC3 /* file1.txt */ = {isa = PBXFileReference; lastKnownFileType = text; path = file1.txt; sourceTree = "<group>"; };
		3EA73F922177E15700A52FC3 /* file2.txt */ = {isa = PBXFileReference; lastKnownFileType = text; path = file2.txt; sourceTree = "<group>"; };
		3EADFCE52180BB35002F312E /* DP */ = {isa = PBXFileReference; explicitFileType = "compiled.mach-o.executable"; includeInIndex = 0; path = DP; sourceTree = BUILT_PRODUCTS_DIR; };
		3EADFCE72180BB35002F312E /* main.cpp */ = {isa = PBXFileReference; lastKnownFileType = sourcecode.cpp.cpp; path = main.cpp; sourceTree = "<group>"; };
		3EADFCF021810F96002F312E /* DP_Deadlock_Free */ = {isa = PBXFileReference; explicitFileType = "compiled.mach-o.executable"; includeInIndex = 0; path = DP_Deadlock_Free; sourceTree = BUILT_PRODUCTS_DIR; };
		3EADFCF221810F96002F312E /* main.cpp */ = {isa = PBXFileReference; lastKnownFileType = sourcecode.cpp.cpp; path = main.cpp; sourceTree = "<group>"; };
		3EADFCFB2181296E002F312E /* DP_Sem_DEMO */ = {isa = PBXFileReference; explicitFileType = "compiled.mach-o.executable"; includeInIndex = 0; path = DP_Sem_DEMO; sourceTree = BUILT_PRODUCTS_DIR; };
		3EADFCFD2181296E002F312E /* main.cpp */ = {isa = PBXFileReference; lastKnownFileType = sourcecode.cpp.cpp; path = main.cpp; sourceTree = "<group>"; };
		3EADFD0621812A60002F312E /* DP_Deadlock_Free_DEMO */ = {isa = PBXFileReference; explicitFileType = "compiled.mach-o.executable"; includeInIndex = 0; path = DP_Deadlock_Free_DEMO; sourceTree = BUILT_PRODUCTS_DIR; };
		3EADFD0821812A60002F312E /* main.cpp */ = {isa = PBXFileReference; lastKnownFileType = sourcecode.cpp.cpp; path = main.cpp; sourceTree = "<group>"; };
		3EDC7EC8216D6D1E00C7AB2A /* threads */ = {isa = PBXFileReference; explicitFileType = "compiled.mach-o.executable"; includeInIndex = 0; path = threads; sourceTree = BUILT_PRODUCTS_DIR; };
		3EDC7ECB216D6D1E00C7AB2A /* main.cpp */ = {isa = PBXFileReference; lastKnownFileType = sourcecode.cpp.cpp; path = main.cpp; sourceTree = "<group>"; };
		3EDC7ED6216EAE0600C7AB2A /* cal_waiting_time */ = {isa = PBXFileReference; explicitFileType = "compiled.mach-o.executable"; includeInIndex = 0; path = cal_waiting_time; sourceTree = BUILT_PRODUCTS_DIR; };
		3EDC7ED8216EAE0600C7AB2A /* main.cpp */ = {isa = PBXFileReference; lastKnownFileType = sourcecode.cpp.cpp; path = main.cpp; sourceTree = "<group>"; };
		3EDC7EE1216EB6AC00C7AB2A /* test */ = {isa = PBXFileReference; explicitFileType = "compiled.mach-o.executable"; includeInIndex = 0; path = test; sourceTree = BUILT_PRODUCTS_DIR; };
/* End PBXFileReference section */

/* Begin PBXFrameworksBuildPhase section */
		3E794B83217789B800282699 /* Frameworks */ = {
			isa = PBXFrameworksBuildPhase;
			buildActionMask = 2147483647;
			files = (
			);
			runOnlyForDeploymentPostprocessing = 0;
		};
		3E794B8E21778A2600282699 /* Frameworks */ = {
			isa = PBXFrameworksBuildPhase;
			buildActionMask = 2147483647;
			files = (
			);
			runOnlyForDeploymentPostprocessing = 0;
		};
		3E794B9921778A4400282699 /* Frameworks */ = {
			isa = PBXFrameworksBuildPhase;
			buildActionMask = 2147483647;
			files = (
			);
			runOnlyForDeploymentPostprocessing = 0;
		};
		3EADFCE22180BB35002F312E /* Frameworks */ = {
			isa = PBXFrameworksBuildPhase;
			buildActionMask = 2147483647;
			files = (
			);
			runOnlyForDeploymentPostprocessing = 0;
		};
		3EADFCED21810F96002F312E /* Frameworks */ = {
			isa = PBXFrameworksBuildPhase;
			buildActionMask = 2147483647;
			files = (
			);
			runOnlyForDeploymentPostprocessing = 0;
		};
		3EADFCF82181296E002F312E /* Frameworks */ = {
			isa = PBXFrameworksBuildPhase;
			buildActionMask = 2147483647;
			files = (
			);
			runOnlyForDeploymentPostprocessing = 0;
		};
		3EADFD0321812A60002F312E /* Frameworks */ = {
			isa = PBXFrameworksBuildPhase;
			buildActionMask = 2147483647;
			files = (
			);
			runOnlyForDeploymentPostprocessing = 0;
		};
		3EDC7EC5216D6D1E00C7AB2A /* Frameworks */ = {
			isa = PBXFrameworksBuildPhase;
			buildActionMask = 2147483647;
			files = (
			);
			runOnlyForDeploymentPostprocessing = 0;
		};
		3EDC7ED3216EAE0600C7AB2A /* Frameworks */ = {
			isa = PBXFrameworksBuildPhase;
			buildActionMask = 2147483647;
			files = (
			);
			runOnlyForDeploymentPostprocessing = 0;
		};
		3EDC7EDE216EB6AC00C7AB2A /* Frameworks */ = {
			isa = PBXFrameworksBuildPhase;
			buildActionMask = 2147483647;
			files = (
			);
			runOnlyForDeploymentPostprocessing = 0;
		};
/* End PBXFrameworksBuildPhase section */

/* Begin PBXGroup section */
		3E794B9D21778A4400282699 /* matrixCal */ = {
			isa = PBXGroup;
			children = (
				3E794B9E21778A4400282699 /* main.cpp */,
				3EA73F912177E13600A52FC3 /* file1.txt */,
				3EA73F922177E15700A52FC3 /* file2.txt */,
			);
			path = matrixCal;
			sourceTree = "<group>";
		};
		3EADFCE62180BB35002F312E /* DP */ = {
			isa = PBXGroup;
			children = (
				3EADFCE72180BB35002F312E /* main.cpp */,
			);
			path = DP;
			sourceTree = "<group>";
		};
		3EADFCF121810F96002F312E /* DP_Deadlock_Free */ = {
			isa = PBXGroup;
			children = (
				3EADFCF221810F96002F312E /* main.cpp */,
			);
			path = DP_Deadlock_Free;
			sourceTree = "<group>";
		};
		3EADFCFC2181296E002F312E /* DP_Sem_DEMO */ = {
			isa = PBXGroup;
			children = (
				3EADFCFD2181296E002F312E /* main.cpp */,
			);
			path = DP_Sem_DEMO;
			sourceTree = "<group>";
		};
		3EADFD0721812A60002F312E /* DP_Deadlock_Free_DEMO */ = {
			isa = PBXGroup;
			children = (
				3EADFD0821812A60002F312E /* main.cpp */,
			);
			path = DP_Deadlock_Free_DEMO;
			sourceTree = "<group>";
		};
		3EDC7EBF216D6D1E00C7AB2A = {
			isa = PBXGroup;
			children = (
				3EDC7ECA216D6D1E00C7AB2A /* threads */,
				3EDC7ED7216EAE0600C7AB2A /* cal_waiting_time */,
				3E794B9D21778A4400282699 /* matrixCal */,
				3EADFCE62180BB35002F312E /* DP */,
				3EADFCF121810F96002F312E /* DP_Deadlock_Free */,
				3EADFCFC2181296E002F312E /* DP_Sem_DEMO */,
				3EADFD0721812A60002F312E /* DP_Deadlock_Free_DEMO */,
				3EDC7EC9216D6D1E00C7AB2A /* Products */,
			);
			sourceTree = "<group>";
		};
		3EDC7EC9216D6D1E00C7AB2A /* Products */ = {
			isa = PBXGroup;
			children = (
				3EDC7EC8216D6D1E00C7AB2A /* threads */,
				3EDC7ED6216EAE0600C7AB2A /* cal_waiting_time */,
				3EDC7EE1216EB6AC00C7AB2A /* test */,
				3E794B86217789B800282699 /* maticeCal */,
				3E794B9121778A2600282699 /* matriceCal */,
				3E794B9C21778A4400282699 /* matrixCal */,
				3EADFCE52180BB35002F312E /* DP */,
				3EADFCF021810F96002F312E /* DP_Deadlock_Free */,
				3EADFCFB2181296E002F312E /* DP_Sem_DEMO */,
				3EADFD0621812A60002F312E /* DP_Deadlock_Free_DEMO */,
			);
			name = Products;
			sourceTree = "<group>";
		};
		3EDC7ECA216D6D1E00C7AB2A /* threads */ = {
			isa = PBXGroup;
			children = (
				3EDC7ECB216D6D1E00C7AB2A /* main.cpp */,
			);
			path = threads;
			sourceTree = "<group>";
		};
		3EDC7ED7216EAE0600C7AB2A /* cal_waiting_time */ = {
			isa = PBXGroup;
			children = (
				3EDC7ED8216EAE0600C7AB2A /* main.cpp */,
			);
			path = cal_waiting_time;
			sourceTree = "<group>";
		};
/* End PBXGroup section */

/* Begin PBXNativeTarget section */
		3E794B85217789B800282699 /* maticeCal */ = {
			isa = PBXNativeTarget;
			buildConfigurationList = 3E794B8A217789B800282699 /* Build configuration list for PBXNativeTarget "maticeCal" */;
			buildPhases = (
				3E794B82217789B800282699 /* Sources */,
				3E794B83217789B800282699 /* Frameworks */,
				3E794B84217789B800282699 /* CopyFiles */,
			);
			buildRules = (
			);
			dependencies = (
			);
			name = maticeCal;
			productName = maticeCal;
			productReference = 3E794B86217789B800282699 /* maticeCal */;
			productType = "com.apple.product-type.tool";
		};
		3E794B9021778A2600282699 /* matriceCal */ = {
			isa = PBXNativeTarget;
			buildConfigurationList = 3E794B9521778A2600282699 /* Build configuration list for PBXNativeTarget "matriceCal" */;
			buildPhases = (
				3E794B8D21778A2600282699 /* Sources */,
				3E794B8E21778A2600282699 /* Frameworks */,
				3E794B8F21778A2600282699 /* CopyFiles */,
			);
			buildRules = (
			);
			dependencies = (
			);
			name = matriceCal;
			productName = matriceCal;
			productReference = 3E794B9121778A2600282699 /* matriceCal */;
			productType = "com.apple.product-type.tool";
		};
		3E794B9B21778A4400282699 /* matrixCal */ = {
			isa = PBXNativeTarget;
			buildConfigurationList = 3E794BA021778A4400282699 /* Build configuration list for PBXNativeTarget "matrixCal" */;
			buildPhases = (
				3E794B9821778A4400282699 /* Sources */,
				3E794B9921778A4400282699 /* Frameworks */,
				3E794B9A21778A4400282699 /* CopyFiles */,
			);
			buildRules = (
			);
			dependencies = (
			);
			name = matrixCal;
			productName = matrixCal;
			productReference = 3E794B9C21778A4400282699 /* matrixCal */;
			productType = "com.apple.product-type.tool";
		};
		3EADFCE42180BB35002F312E /* DP */ = {
			isa = PBXNativeTarget;
			buildConfigurationList = 3EADFCEB2180BB35002F312E /* Build configuration list for PBXNativeTarget "DP" */;
			buildPhases = (
				3EADFCE12180BB35002F312E /* Sources */,
				3EADFCE22180BB35002F312E /* Frameworks */,
				3EADFCE32180BB35002F312E /* CopyFiles */,
			);
			buildRules = (
			);
			dependencies = (
			);
			name = DP;
			productName = DP;
			productReference = 3EADFCE52180BB35002F312E /* DP */;
			productType = "com.apple.product-type.tool";
		};
		3EADFCEF21810F96002F312E /* DP_Deadlock_Free */ = {
			isa = PBXNativeTarget;
			buildConfigurationList = 3EADFCF421810F96002F312E /* Build configuration list for PBXNativeTarget "DP_Deadlock_Free" */;
			buildPhases = (
				3EADFCEC21810F96002F312E /* Sources */,
				3EADFCED21810F96002F312E /* Frameworks */,
				3EADFCEE21810F96002F312E /* CopyFiles */,
			);
			buildRules = (
			);
			dependencies = (
			);
			name = DP_Deadlock_Free;
			productName = DP_Deadlock_Free;
			productReference = 3EADFCF021810F96002F312E /* DP_Deadlock_Free */;
			productType = "com.apple.product-type.tool";
		};
		3EADFCFA2181296E002F312E /* DP_Sem_DEMO */ = {
			isa = PBXNativeTarget;
			buildConfigurationList = 3EADFCFF2181296E002F312E /* Build configuration list for PBXNativeTarget "DP_Sem_DEMO" */;
			buildPhases = (
				3EADFCF72181296E002F312E /* Sources */,
				3EADFCF82181296E002F312E /* Frameworks */,
				3EADFCF92181296E002F312E /* CopyFiles */,
			);
			buildRules = (
			);
			dependencies = (
			);
			name = DP_Sem_DEMO;
			productName = DP_Sem_DEMO;
			productReference = 3EADFCFB2181296E002F312E /* DP_Sem_DEMO */;
			productType = "com.apple.product-type.tool";
		};
		3EADFD0521812A60002F312E /* DP_Deadlock_Free_DEMO */ = {
			isa = PBXNativeTarget;
			buildConfigurationList = 3EADFD0A21812A60002F312E /* Build configuration list for PBXNativeTarget "DP_Deadlock_Free_DEMO" */;
			buildPhases = (
				3EADFD0221812A60002F312E /* Sources */,
				3EADFD0321812A60002F312E /* Frameworks */,
				3EADFD0421812A60002F312E /* CopyFiles */,
			);
			buildRules = (
			);
			dependencies = (
			);
			name = DP_Deadlock_Free_DEMO;
			productName = DP_Deadlock_Free_DEMO;
			productReference = 3EADFD0621812A60002F312E /* DP_Deadlock_Free_DEMO */;
			productType = "com.apple.product-type.tool";
		};
		3EDC7EC7216D6D1E00C7AB2A /* threads */ = {
			isa = PBXNativeTarget;
			buildConfigurationList = 3EDC7ECF216D6D1E00C7AB2A /* Build configuration list for PBXNativeTarget "threads" */;
			buildPhases = (
				3EDC7EC4216D6D1E00C7AB2A /* Sources */,
				3EDC7EC5216D6D1E00C7AB2A /* Frameworks */,
				3EDC7EC6216D6D1E00C7AB2A /* CopyFiles */,
			);
			buildRules = (
			);
			dependencies = (
			);
			name = threads;
			productName = threads;
			productReference = 3EDC7EC8216D6D1E00C7AB2A /* threads */;
			productType = "com.apple.product-type.tool";
		};
		3EDC7ED5216EAE0600C7AB2A /* cal_waiting_time */ = {
			isa = PBXNativeTarget;
			buildConfigurationList = 3EDC7EDC216EAE0600C7AB2A /* Build configuration list for PBXNativeTarget "cal_waiting_time" */;
			buildPhases = (
				3EDC7ED2216EAE0600C7AB2A /* Sources */,
				3EDC7ED3216EAE0600C7AB2A /* Frameworks */,
				3EDC7ED4216EAE0600C7AB2A /* CopyFiles */,
			);
			buildRules = (
			);
			dependencies = (
			);
			name = cal_waiting_time;
			productName = cal_waiting_time;
			productReference = 3EDC7ED6216EAE0600C7AB2A /* cal_waiting_time */;
			productType = "com.apple.product-type.tool";
		};
		3EDC7EE0216EB6AC00C7AB2A /* test */ = {
			isa = PBXNativeTarget;
			buildConfigurationList = 3EDC7EE5216EB6AC00C7AB2A /* Build configuration list for PBXNativeTarget "test" */;
			buildPhases = (
				3EDC7EDD216EB6AC00C7AB2A /* Sources */,
				3EDC7EDE216EB6AC00C7AB2A /* Frameworks */,
				3EDC7EDF216EB6AC00C7AB2A /* CopyFiles */,
			);
			buildRules = (
			);
			dependencies = (
			);
			name = test;
			productName = test;
			productReference = 3EDC7EE1216EB6AC00C7AB2A /* test */;
			productType = "com.apple.product-type.tool";
		};
/* End PBXNativeTarget section */

/* Begin PBXProject section */
		3EDC7EC0216D6D1E00C7AB2A /* Project object */ = {
			isa = PBXProject;
			attributes = {
				LastSwiftUpdateCheck = 1000;
				LastUpgradeCheck = 1000;
				ORGANIZATIONNAME = WillJia;
				TargetAttributes = {
					3E794B85217789B800282699 = {
						CreatedOnToolsVersion = 10.0;
					};
					3E794B9021778A2600282699 = {
						CreatedOnToolsVersion = 10.0;
					};
					3E794B9B21778A4400282699 = {
						CreatedOnToolsVersion = 10.0;
					};
					3EADFCE42180BB35002F312E = {
						CreatedOnToolsVersion = 10.0;
					};
					3EADFCEF21810F96002F312E = {
						CreatedOnToolsVersion = 10.0;
					};
					3EADFCFA2181296E002F312E = {
						CreatedOnToolsVersion = 10.0;
					};
					3EADFD0521812A60002F312E = {
						CreatedOnToolsVersion = 10.0;
					};
					3EDC7EC7216D6D1E00C7AB2A = {
						CreatedOnToolsVersion = 10.0;
					};
					3EDC7ED5216EAE0600C7AB2A = {
						CreatedOnToolsVersion = 10.0;
					};
					3EDC7EE0216EB6AC00C7AB2A = {
						CreatedOnToolsVersion = 10.0;
					};
				};
			};
			buildConfigurationList = 3EDC7EC3216D6D1E00C7AB2A /* Build configuration list for PBXProject "threads" */;
			compatibilityVersion = "Xcode 9.3";
			developmentRegion = en;
			hasScannedForEncodings = 0;
			knownRegions = (
				en,
			);
			mainGroup = 3EDC7EBF216D6D1E00C7AB2A;
			productRefGroup = 3EDC7EC9216D6D1E00C7AB2A /* Products */;
			projectDirPath = "";
			projectRoot = "";
			targets = (
				3EDC7EC7216D6D1E00C7AB2A /* threads */,
				3EDC7ED5216EAE0600C7AB2A /* cal_waiting_time */,
				3EDC7EE0216EB6AC00C7AB2A /* test */,
				3E794B85217789B800282699 /* maticeCal */,
				3E794B9021778A2600282699 /* matriceCal */,
				3E794B9B21778A4400282699 /* matrixCal */,
				3EADFCE42180BB35002F312E /* DP */,
				3EADFCEF21810F96002F312E /* DP_Deadlock_Free */,
				3EADFCFA2181296E002F312E /* DP_Sem_DEMO */,
				3EADFD0521812A60002F312E /* DP_Deadlock_Free_DEMO */,
			);
		};
/* End PBXProject section */

/* Begin PBXSourcesBuildPhase section */
		3E794B82217789B800282699 /* Sources */ = {
			isa = PBXSourcesBuildPhase;
			buildActionMask = 2147483647;
			files = (
			);
			runOnlyForDeploymentPostprocessing = 0;
		};
		3E794B8D21778A2600282699 /* Sources */ = {
			isa = PBXSourcesBuildPhase;
			buildActionMask = 2147483647;
			files = (
			);
			runOnlyForDeploymentPostprocessing = 0;
		};
		3E794B9821778A4400282699 /* Sources */ = {
			isa = PBXSourcesBuildPhase;
			buildActionMask = 2147483647;
			files = (
				3EA73F932177E15700A52FC3 /* file2.txt in Sources */,
				3E794B9F21778A4400282699 /* main.cpp in Sources */,
			);
			runOnlyForDeploymentPostprocessing = 0;
		};
		3EADFCE12180BB35002F312E /* Sources */ = {
			isa = PBXSourcesBuildPhase;
			buildActionMask = 2147483647;
			files = (
				3EADFCE82180BB35002F312E /* main.cpp in Sources */,
			);
			runOnlyForDeploymentPostprocessing = 0;
		};
		3EADFCEC21810F96002F312E /* Sources */ = {
			isa = PBXSourcesBuildPhase;
			buildActionMask = 2147483647;
			files = (
				3EADFCF321810F96002F312E /* main.cpp in Sources */,
			);
			runOnlyForDeploymentPostprocessing = 0;
		};
		3EADFCF72181296E002F312E /* Sources */ = {
			isa = PBXSourcesBuildPhase;
			buildActionMask = 2147483647;
			files = (
				3EADFCFE2181296E002F312E /* main.cpp in Sources */,
			);
			runOnlyForDeploymentPostprocessing = 0;
		};
		3EADFD0221812A60002F312E /* Sources */ = {
			isa = PBXSourcesBuildPhase;
			buildActionMask = 2147483647;
			files = (
				3EADFD0921812A60002F312E /* main.cpp in Sources */,
			);
			runOnlyForDeploymentPostprocessing = 0;
		};
		3EDC7EC4216D6D1E00C7AB2A /* Sources */ = {
			isa = PBXSourcesBuildPhase;
			buildActionMask = 2147483647;
			files = (
				3EDC7ECC216D6D1E00C7AB2A /* main.cpp in Sources */,
			);
			runOnlyForDeploymentPostprocessing = 0;
		};
		3EDC7ED2216EAE0600C7AB2A /* Sources */ = {
			isa = PBXSourcesBuildPhase;
			buildActionMask = 2147483647;
			files = (
				3E794B812177899D00282699 /* main.cpp in Sources */,
			);
			runOnlyForDeploymentPostprocessing = 0;
		};
		3EDC7EDD216EB6AC00C7AB2A /* Sources */ = {
			isa = PBXSourcesBuildPhase;
			buildActionMask = 2147483647;
			files = (
			);
			runOnlyForDeploymentPostprocessing = 0;
		};
/* End PBXSourcesBuildPhase section */

/* Begin XCBuildConfiguration section */
		3E794B8B217789B800282699 /* Debug */ = {
			isa = XCBuildConfiguration;
			buildSettings = {
				CODE_SIGN_STYLE = Automatic;
				DEVELOPMENT_TEAM = YF88RW88TG;
				PRODUCT_NAME = "$(TARGET_NAME)";
				SWIFT_ACTIVE_COMPILATION_CONDITIONS = DEBUG;
				SWIFT_OPTIMIZATION_LEVEL = "-Onone";
				SWIFT_VERSION = 4.2;
			};
			name = Debug;
		};
		3E794B8C217789B800282699 /* Release */ = {
			isa = XCBuildConfiguration;
			buildSettings = {
				CODE_SIGN_STYLE = Automatic;
				DEVELOPMENT_TEAM = YF88RW88TG;
				PRODUCT_NAME = "$(TARGET_NAME)";
				SWIFT_COMPILATION_MODE = wholemodule;
				SWIFT_OPTIMIZATION_LEVEL = "-O";
				SWIFT_VERSION = 4.2;
			};
			name = Release;
		};
		3E794B9621778A2600282699 /* Debug */ = {
			isa = XCBuildConfiguration;
			buildSettings = {
				CODE_SIGN_STYLE = Automatic;
				DEVELOPMENT_TEAM = YF88RW88TG;
				PRODUCT_NAME = "$(TARGET_NAME)";
				SWIFT_ACTIVE_COMPILATION_CONDITIONS = DEBUG;
				SWIFT_OPTIMIZATION_LEVEL = "-Onone";
				SWIFT_VERSION = 4.2;
			};
			name = Debug;
		};
		3E794B9721778A2600282699 /* Release */ = {
			isa = XCBuildConfiguration;
			buildSettings = {
				CODE_SIGN_STYLE = Automatic;
				DEVELOPMENT_TEAM = YF88RW88TG;
				PRODUCT_NAME = "$(TARGET_NAME)";
				SWIFT_COMPILATION_MODE = wholemodule;
				SWIFT_OPTIMIZATION_LEVEL = "-O";
				SWIFT_VERSION = 4.2;
			};
			name = Release;
		};
		3E794BA121778A4400282699 /* Debug */ = {
			isa = XCBuildConfiguration;
			buildSettings = {
				CODE_SIGN_STYLE = Automatic;
				DEVELOPMENT_TEAM = YF88RW88TG;
				PRODUCT_NAME = "$(TARGET_NAME)";
			};
			name = Debug;
		};
		3E794BA221778A4400282699 /* Release */ = {
			isa = XCBuildConfiguration;
			buildSettings = {
				CODE_SIGN_STYLE = Automatic;
				DEVELOPMENT_TEAM = YF88RW88TG;
				PRODUCT_NAME = "$(TARGET_NAME)";
			};
			name = Release;
		};
		3EADFCE92180BB35002F312E /* Debug */ = {
			isa = XCBuildConfiguration;
			buildSettings = {
				CODE_SIGN_STYLE = Automatic;
				DEVELOPMENT_TEAM = YF88RW88TG;
				PRODUCT_NAME = "$(TARGET_NAME)";
			};
			name = Debug;
		};
		3EADFCEA2180BB35002F312E /* Release */ = {
			isa = XCBuildConfiguration;
			buildSettings = {
				CODE_SIGN_STYLE = Automatic;
				DEVELOPMENT_TEAM = YF88RW88TG;
				PRODUCT_NAME = "$(TARGET_NAME)";
			};
			name = Release;
		};
		3EADFCF521810F96002F312E /* Debug */ = {
			isa = XCBuildConfiguration;
			buildSettings = {
				CODE_SIGN_STYLE = Automatic;
				DEVELOPMENT_TEAM = YF88RW88TG;
				PRODUCT_NAME = "$(TARGET_NAME)";
			};
			name = Debug;
		};
		3EADFCF621810F96002F312E /* Release */ = {
			isa = XCBuildConfiguration;
			buildSettings = {
				CODE_SIGN_STYLE = Automatic;
				DEVELOPMENT_TEAM = YF88RW88TG;
				PRODUCT_NAME = "$(TARGET_NAME)";
			};
			name = Release;
		};
		3EADFD002181296E002F312E /* Debug */ = {
			isa = XCBuildConfiguration;
			buildSettings = {
				CODE_SIGN_STYLE = Automatic;
				DEVELOPMENT_TEAM = YF88RW88TG;
				PRODUCT_NAME = "$(TARGET_NAME)";
			};
			name = Debug;
		};
		3EADFD012181296E002F312E /* Release */ = {
			isa = XCBuildConfiguration;
			buildSettings = {
				CODE_SIGN_STYLE = Automatic;
				DEVELOPMENT_TEAM = YF88RW88TG;
				PRODUCT_NAME = "$(TARGET_NAME)";
			};
			name = Release;
		};
		3EADFD0B21812A60002F312E /* Debug */ = {
			isa = XCBuildConfiguration;
			buildSettings = {
				CODE_SIGN_STYLE = Automatic;
				DEVELOPMENT_TEAM = YF88RW88TG;
				PRODUCT_NAME = "$(TARGET_NAME)";
			};
			name = Debug;
		};
		3EADFD0C21812A60002F312E /* Release */ = {
			isa = XCBuildConfiguration;
			buildSettings = {
				CODE_SIGN_STYLE = Automatic;
				DEVELOPMENT_TEAM = YF88RW88TG;
				PRODUCT_NAME = "$(TARGET_NAME)";
			};
			name = Release;
		};
		3EDC7ECD216D6D1E00C7AB2A /* Debug */ = {
			isa = XCBuildConfiguration;
			buildSettings = {
				ALWAYS_SEARCH_USER_PATHS = NO;
				CLANG_ANALYZER_NONNULL = YES;
				CLANG_ANALYZER_NUMBER_OBJECT_CONVERSION = YES_AGGRESSIVE;
				CLANG_CXX_LANGUAGE_STANDARD = "gnu++14";
				CLANG_CXX_LIBRARY = "libc++";
				CLANG_ENABLE_MODULES = YES;
				CLANG_ENABLE_OBJC_ARC = YES;
				CLANG_ENABLE_OBJC_WEAK = YES;
				CLANG_WARN_BLOCK_CAPTURE_AUTORELEASING = YES;
				CLANG_WARN_BOOL_CONVERSION = YES;
				CLANG_WARN_COMMA = YES;
				CLANG_WARN_CONSTANT_CONVERSION = YES;
				CLANG_WARN_DEPRECATED_OBJC_IMPLEMENTATIONS = YES;
				CLANG_WARN_DIRECT_OBJC_ISA_USAGE = YES_ERROR;
				CLANG_WARN_DOCUMENTATION_COMMENTS = YES;
				CLANG_WARN_EMPTY_BODY = YES;
				CLANG_WARN_ENUM_CONVERSION = YES;
				CLANG_WARN_INFINITE_RECURSION = YES;
				CLANG_WARN_INT_CONVERSION = YES;
				CLANG_WARN_NON_LITERAL_NULL_CONVERSION = YES;
				CLANG_WARN_OBJC_IMPLICIT_RETAIN_SELF = YES;
				CLANG_WARN_OBJC_LITERAL_CONVERSION = YES;
				CLANG_WARN_OBJC_ROOT_CLASS = YES_ERROR;
				CLANG_WARN_RANGE_LOOP_ANALYSIS = YES;
				CLANG_WARN_STRICT_PROTOTYPES = YES;
				CLANG_WARN_SUSPICIOUS_MOVE = YES;
				CLANG_WARN_UNGUARDED_AVAILABILITY = YES_AGGRESSIVE;
				CLANG_WARN_UNREACHABLE_CODE = YES;
				CLANG_WARN__DUPLICATE_METHOD_MATCH = YES;
				CODE_SIGN_IDENTITY = "Mac Developer";
				COPY_PHASE_STRIP = NO;
				DEBUG_INFORMATION_FORMAT = dwarf;
				ENABLE_STRICT_OBJC_MSGSEND = YES;
				ENABLE_TESTABILITY = YES;
				GCC_C_LANGUAGE_STANDARD = gnu11;
				GCC_DYNAMIC_NO_PIC = NO;
				GCC_NO_COMMON_BLOCKS = YES;
				GCC_OPTIMIZATION_LEVEL = 0;
				GCC_PREPROCESSOR_DEFINITIONS = (
					"DEBUG=1",
					"$(inherited)",
				);
				GCC_WARN_64_TO_32_BIT_CONVERSION = YES;
				GCC_WARN_ABOUT_RETURN_TYPE = YES_ERROR;
				GCC_WARN_UNDECLARED_SELECTOR = YES;
				GCC_WARN_UNINITIALIZED_AUTOS = YES_AGGRESSIVE;
				GCC_WARN_UNUSED_FUNCTION = YES;
				GCC_WARN_UNUSED_VARIABLE = YES;
				MACOSX_DEPLOYMENT_TARGET = 10.14;
				MTL_ENABLE_DEBUG_INFO = INCLUDE_SOURCE;
				MTL_FAST_MATH = YES;
				ONLY_ACTIVE_ARCH = YES;
				SDKROOT = macosx;
			};
			name = Debug;
		};
		3EDC7ECE216D6D1E00C7AB2A /* Release */ = {
			isa = XCBuildConfiguration;
			buildSettings = {
				ALWAYS_SEARCH_USER_PATHS = NO;
				CLANG_ANALYZER_NONNULL = YES;
				CLANG_ANALYZER_NUMBER_OBJECT_CONVERSION = YES_AGGRESSIVE;
				CLANG_CXX_LANGUAGE_STANDARD = "gnu++14";
				CLANG_CXX_LIBRARY = "libc++";
				CLANG_ENABLE_MODULES = YES;
				CLANG_ENABLE_OBJC_ARC = YES;
				CLANG_ENABLE_OBJC_WEAK = YES;
				CLANG_WARN_BLOCK_CAPTURE_AUTORELEASING = YES;
				CLANG_WARN_BOOL_CONVERSION = YES;
				CLANG_WARN_COMMA = YES;
				CLANG_WARN_CONSTANT_CONVERSION = YES;
				CLANG_WARN_DEPRECATED_OBJC_IMPLEMENTATIONS = YES;
				CLANG_WARN_DIRECT_OBJC_ISA_USAGE = YES_ERROR;
				CLANG_WARN_DOCUMENTATION_COMMENTS = YES;
				CLANG_WARN_EMPTY_BODY = YES;
				CLANG_WARN_ENUM_CONVERSION = YES;
				CLANG_WARN_INFINITE_RECURSION = YES;
				CLANG_WARN_INT_CONVERSION = YES;
				CLANG_WARN_NON_LITERAL_NULL_CONVERSION = YES;
				CLANG_WARN_OBJC_IMPLICIT_RETAIN_SELF = YES;
				CLANG_WARN_OBJC_LITERAL_CONVERSION = YES;
				CLANG_WARN_OBJC_ROOT_CLASS = YES_ERROR;
				CLANG_WARN_RANGE_LOOP_ANALYSIS = YES;
				CLANG_WARN_STRICT_PROTOTYPES = YES;
				CLANG_WARN_SUSPICIOUS_MOVE = YES;
				CLANG_WARN_UNGUARDED_AVAILABILITY = YES_AGGRESSIVE;
				CLANG_WARN_UNREACHABLE_CODE = YES;
				CLANG_WARN__DUPLICATE_METHOD_MATCH = YES;
				CODE_SIGN_IDENTITY = "Mac Developer";
				COPY_PHASE_STRIP = NO;
				DEBUG_INFORMATION_FORMAT = "dwarf-with-dsym";
				ENABLE_NS_ASSERTIONS = NO;
				ENABLE_STRICT_OBJC_MSGSEND = YES;
				GCC_C_LANGUAGE_STANDARD = gnu11;
				GCC_NO_COMMON_BLOCKS = YES;
				GCC_WARN_64_TO_32_BIT_CONVERSION = YES;
				GCC_WARN_ABOUT_RETURN_TYPE = YES_ERROR;
				GCC_WARN_UNDECLARED_SELECTOR = YES;
				GCC_WARN_UNINITIALIZED_AUTOS = YES_AGGRESSIVE;
				GCC_WARN_UNUSED_FUNCTION = YES;
				GCC_WARN_UNUSED_VARIABLE = YES;
				MACOSX_DEPLOYMENT_TARGET = 10.14;
				MTL_ENABLE_DEBUG_INFO = NO;
				MTL_FAST_MATH = YES;
				SDKROOT = macosx;
			};
			name = Release;
		};
		3EDC7ED0216D6D1E00C7AB2A /* Debug */ = {
			isa = XCBuildConfiguration;
			buildSettings = {
				CODE_SIGN_STYLE = Automatic;
				DEVELOPMENT_TEAM = YF88RW88TG;
				PRODUCT_NAME = "$(TARGET_NAME)";
			};
			name = Debug;
		};
		3EDC7ED1216D6D1E00C7AB2A /* Release */ = {
			isa = XCBuildConfiguration;
			buildSettings = {
				CODE_SIGN_STYLE = Automatic;
				DEVELOPMENT_TEAM = YF88RW88TG;
				PRODUCT_NAME = "$(TARGET_NAME)";
			};
			name = Release;
		};
		3EDC7EDA216EAE0600C7AB2A /* Debug */ = {
			isa = XCBuildConfiguration;
			buildSettings = {
				CODE_SIGN_STYLE = Automatic;
				DEVELOPMENT_TEAM = YF88RW88TG;
				PRODUCT_NAME = "$(TARGET_NAME)";
			};
			name = Debug;
		};
		3EDC7EDB216EAE0600C7AB2A /* Release */ = {
			isa = XCBuildConfiguration;
			buildSettings = {
				CODE_SIGN_STYLE = Automatic;
				DEVELOPMENT_TEAM = YF88RW88TG;
				PRODUCT_NAME = "$(TARGET_NAME)";
			};
			name = Release;
		};
		3EDC7EE6216EB6AC00C7AB2A /* Debug */ = {
			isa = XCBuildConfiguration;
			buildSettings = {
				CODE_SIGN_STYLE = Automatic;
				DEVELOPMENT_TEAM = YF88RW88TG;
				PRODUCT_NAME = "$(TARGET_NAME)";
			};
			name = Debug;
		};
		3EDC7EE7216EB6AC00C7AB2A /* Release */ = {
			isa = XCBuildConfiguration;
			buildSettings = {
				CODE_SIGN_STYLE = Automatic;
				DEVELOPMENT_TEAM = YF88RW88TG;
				PRODUCT_NAME = "$(TARGET_NAME)";
			};
			name = Release;
		};
/* End XCBuildConfiguration section */

/* Begin XCConfigurationList section */
		3E794B8A217789B800282699 /* Build configuration list for PBXNativeTarget "maticeCal" */ = {
			isa = XCConfigurationList;
			buildConfigurations = (
				3E794B8B217789B800282699 /* Debug */,
				3E794B8C217789B800282699 /* Release */,
			);
			defaultConfigurationIsVisible = 0;
			defaultConfigurationName = Release;
		};
		3E794B9521778A2600282699 /* Build configuration list for PBXNativeTarget "matriceCal" */ = {
			isa = XCConfigurationList;
			buildConfigurations = (
				3E794B9621778A2600282699 /* Debug */,
				3E794B9721778A2600282699 /* Release */,
			);
			defaultConfigurationIsVisible = 0;
			defaultConfigurationName = Release;
		};
		3E794BA021778A4400282699 /* Build configuration list for PBXNativeTarget "matrixCal" */ = {
			isa = XCConfigurationList;
			buildConfigurations = (
				3E794BA121778A4400282699 /* Debug */,
				3E794BA221778A4400282699 /* Release */,
			);
			defaultConfigurationIsVisible = 0;
			defaultConfigurationName = Release;
		};
		3EADFCEB2180BB35002F312E /* Build configuration list for PBXNativeTarget "DP" */ = {
			isa = XCConfigurationList;
			buildConfigurations = (
				3EADFCE92180BB35002F312E /* Debug */,
				3EADFCEA2180BB35002F312E /* Release */,
			);
			defaultConfigurationIsVisible = 0;
			defaultConfigurationName = Release;
		};
		3EADFCF421810F96002F312E /* Build configuration list for PBXNativeTarget "DP_Deadlock_Free" */ = {
			isa = XCConfigurationList;
			buildConfigurations = (
				3EADFCF521810F96002F312E /* Debug */,
				3EADFCF621810F96002F312E /* Release */,
			);
			defaultConfigurationIsVisible = 0;
			defaultConfigurationName = Release;
		};
		3EADFCFF2181296E002F312E /* Build configuration list for PBXNativeTarget "DP_Sem_DEMO" */ = {
			isa = XCConfigurationList;
			buildConfigurations = (
				3EADFD002181296E002F312E /* Debug */,
				3EADFD012181296E002F312E /* Release */,
			);
			defaultConfigurationIsVisible = 0;
			defaultConfigurationName = Release;
		};
		3EADFD0A21812A60002F312E /* Build configuration list for PBXNativeTarget "DP_Deadlock_Free_DEMO" */ = {
			isa = XCConfigurationList;
			buildConfigurations = (
				3EADFD0B21812A60002F312E /* Debug */,
				3EADFD0C21812A60002F312E /* Release */,
			);
			defaultConfigurationIsVisible = 0;
			defaultConfigurationName = Release;
		};
		3EDC7EC3216D6D1E00C7AB2A /* Build configuration list for PBXProject "threads" */ = {
			isa = XCConfigurationList;
			buildConfigurations = (
				3EDC7ECD216D6D1E00C7AB2A /* Debug */,
				3EDC7ECE216D6D1E00C7AB2A /* Release */,
			);
			defaultConfigurationIsVisible = 0;
			defaultConfigurationName = Release;
		};
		3EDC7ECF216D6D1E00C7AB2A /* Build configuration list for PBXNativeTarget "threads" */ = {
			isa = XCConfigurationList;
			buildConfigurations = (
				3EDC7ED0216D6D1E00C7AB2A /* Debug */,
				3EDC7ED1216D6D1E00C7AB2A /* Release */,
			);
			defaultConfigurationIsVisible = 0;
			defaultConfigurationName = Release;
		};
		3EDC7EDC216EAE0600C7AB2A /* Build configuration list for PBXNativeTarget "cal_waiting_time" */ = {
			isa = XCConfigurationList;
			buildConfigurations = (
				3EDC7EDA216EAE0600C7AB2A /* Debug */,
				3EDC7EDB216EAE0600C7AB2A /* Release */,
			);
			defaultConfigurationIsVisible = 0;
			defaultConfigurationName = Release;
		};
		3EDC7EE5216EB6AC00C7AB2A /* Build configuration list for PBXNativeTarget "test" */ = {
			isa = XCConfigurationList;
			buildConfigurations = (
				3EDC7EE6216EB6AC00C7AB2A /* Debug */,
				3EDC7EE7216EB6AC00C7AB2A /* Release */,
			);
			defaultConfigurationIsVisible = 0;
			defaultConfigurationName = Release;
		};
/* End XCConfigurationList section */
	};
	rootObject = 3EDC7EC0216D6D1E00C7AB2A /* Project object */;
}
