// !$*UTF8*$!
{
	archiveVersion = 1;
	classes = {
	};
	objectVersion = 50;
	objects = {

/* Begin PBXBuildFile section */
		3EDC7ECC216D6D1E00C7AB2A /* main.cpp in Sources */ = {isa = PBXBuildFile; fileRef = 3EDC7ECB216D6D1E00C7AB2A /* main.cpp */; };
		3EDC7ED9216EAE0600C7AB2A /* main.cpp in Sources */ = {isa = PBXBuildFile; fileRef = 3EDC7ED8216EAE0600C7AB2A /* main.cpp */; };
/* End PBXBuildFile section */

/* Begin PBXCopyFilesBuildPhase section */
		3EDC7EC6216D6D1E00C7AB2A /* CopyFiles */ = {
			isa = PBXCopyFilesBuildPhase;
			buildActionMask = 2147483647;
			dstPath = /usr/share/man/man1/;
			dstSubfolderSpec = 0;
			files = (
			);
			runOnlyForDeploymentPostprocessing = 1;
		};
		3EDC7ED4216EAE0600C7AB2A /* CopyFiles */ = {
			isa = PBXCopyFilesBuildPhase;
			buildActionMask = 2147483647;
			dstPath = /usr/share/man/man1/;
			dstSubfolderSpec = 0;
			files = (
			);
			runOnlyForDeploymentPostprocessing = 1;
		};
		3EDC7EDF216EB6AC00C7AB2A /* CopyFiles */ = {
			isa = PBXCopyFilesBuildPhase;
			buildActionMask = 2147483647;
			dstPath = /usr/share/man/man1/;
			dstSubfolderSpec = 0;
			files = (
			);
			runOnlyForDeploymentPostprocessing = 1;
		};
/* End PBXCopyFilesBuildPhase section */

/* Begin PBXFileReference section */
		3EDC7EC8216D6D1E00C7AB2A /* threads */ = {isa = PBXFileReference; explicitFileType = "compiled.mach-o.executable"; includeInIndex = 0; path = threads; sourceTree = BUILT_PRODUCTS_DIR; };
		3EDC7ECB216D6D1E00C7AB2A /* main.cpp */ = {isa = PBXFileReference; lastKnownFileType = sourcecode.cpp.cpp; path = main.cpp; sourceTree = "<group>"; };
		3EDC7ED6216EAE0600C7AB2A /* cal_waiting_time */ = {isa = PBXFileReference; explicitFileType = "compiled.mach-o.executable"; includeInIndex = 0; path = cal_waiting_time; sourceTree = BUILT_PRODUCTS_DIR; };
		3EDC7ED8216EAE0600C7AB2A /* main.cpp */ = {isa = PBXFileReference; lastKnownFileType = sourcecode.cpp.cpp; path = main.cpp; sourceTree = "<group>"; };
		3EDC7EE1216EB6AC00C7AB2A /* test */ = {isa = PBXFileReference; explicitFileType = "compiled.mach-o.executable"; includeInIndex = 0; path = test; sourceTree = BUILT_PRODUCTS_DIR; };
/* End PBXFileReference section */

/* Begin PBXFrameworksBuildPhase section */
		3EDC7EC5216D6D1E00C7AB2A /* Frameworks */ = {
			isa = PBXFrameworksBuildPhase;
			buildActionMask = 2147483647;
			files = (
			);
			runOnlyForDeploymentPostprocessing = 0;
		};
		3EDC7ED3216EAE0600C7AB2A /* Frameworks */ = {
			isa = PBXFrameworksBuildPhase;
			buildActionMask = 2147483647;
			files = (
			);
			runOnlyForDeploymentPostprocessing = 0;
		};
		3EDC7EDE216EB6AC00C7AB2A /* Frameworks */ = {
			isa = PBXFrameworksBuildPhase;
			buildActionMask = 2147483647;
			files = (
			);
			runOnlyForDeploymentPostprocessing = 0;
		};
/* End PBXFrameworksBuildPhase section */

/* Begin PBXGroup section */
		3EDC7EBF216D6D1E00C7AB2A = {
			isa = PBXGroup;
			children = (
				3EDC7ECA216D6D1E00C7AB2A /* threads */,
				3EDC7ED7216EAE0600C7AB2A /* cal_waiting_time */,
				3EDC7EC9216D6D1E00C7AB2A /* Products */,
			);
			sourceTree = "<group>";
		};
		3EDC7EC9216D6D1E00C7AB2A /* Products */ = {
			isa = PBXGroup;
			children = (
				3EDC7EC8216D6D1E00C7AB2A /* threads */,
				3EDC7ED6216EAE0600C7AB2A /* cal_waiting_time */,
				3EDC7EE1216EB6AC00C7AB2A /* test */,
			);
			name = Products;
			sourceTree = "<group>";
		};
		3EDC7ECA216D6D1E00C7AB2A /* threads */ = {
			isa = PBXGroup;
			children = (
				3EDC7ECB216D6D1E00C7AB2A /* main.cpp */,
			);
			path = threads;
			sourceTree = "<group>";
		};
		3EDC7ED7216EAE0600C7AB2A /* cal_waiting_time */ = {
			isa = PBXGroup;
			children = (
				3EDC7ED8216EAE0600C7AB2A /* main.cpp */,
			);
			path = cal_waiting_time;
			sourceTree = "<group>";
		};
/* End PBXGroup section */

/* Begin PBXNativeTarget section */
		3EDC7EC7216D6D1E00C7AB2A /* threads */ = {
			isa = PBXNativeTarget;
			buildConfigurationList = 3EDC7ECF216D6D1E00C7AB2A /* Build configuration list for PBXNativeTarget "threads" */;
			buildPhases = (
				3EDC7EC4216D6D1E00C7AB2A /* Sources */,
				3EDC7EC5216D6D1E00C7AB2A /* Frameworks */,
				3EDC7EC6216D6D1E00C7AB2A /* CopyFiles */,
			);
			buildRules = (
			);
			dependencies = (
			);
			name = threads;
			productName = threads;
			productReference = 3EDC7EC8216D6D1E00C7AB2A /* threads */;
			productType = "com.apple.product-type.tool";
		};
		3EDC7ED5216EAE0600C7AB2A /* cal_waiting_time */ = {
			isa = PBXNativeTarget;
			buildConfigurationList = 3EDC7EDC216EAE0600C7AB2A /* Build configuration list for PBXNativeTarget "cal_waiting_time" */;
			buildPhases = (
				3EDC7ED2216EAE0600C7AB2A /* Sources */,
				3EDC7ED3216EAE0600C7AB2A /* Frameworks */,
				3EDC7ED4216EAE0600C7AB2A /* CopyFiles */,
			);
			buildRules = (
			);
			dependencies = (
			);
			name = cal_waiting_time;
			productName = cal_waiting_time;
			productReference = 3EDC7ED6216EAE0600C7AB2A /* cal_waiting_time */;
			productType = "com.apple.product-type.tool";
		};
		3EDC7EE0216EB6AC00C7AB2A /* test */ = {
			isa = PBXNativeTarget;
			buildConfigurationList = 3EDC7EE5216EB6AC00C7AB2A /* Build configuration list for PBXNativeTarget "test" */;
			buildPhases = (
				3EDC7EDD216EB6AC00C7AB2A /* Sources */,
				3EDC7EDE216EB6AC00C7AB2A /* Frameworks */,
				3EDC7EDF216EB6AC00C7AB2A /* CopyFiles */,
			);
			buildRules = (
			);
			dependencies = (
			);
			name = test;
			productName = test;
			productReference = 3EDC7EE1216EB6AC00C7AB2A /* test */;
			productType = "com.apple.product-type.tool";
		};
/* End PBXNativeTarget section */

/* Begin PBXProject section */
		3EDC7EC0216D6D1E00C7AB2A /* Project object */ = {
			isa = PBXProject;
			attributes = {
				LastUpgradeCheck = 1000;
				ORGANIZATIONNAME = WillJia;
				TargetAttributes = {
					3EDC7EC7216D6D1E00C7AB2A = {
						CreatedOnToolsVersion = 10.0;
					};
					3EDC7ED5216EAE0600C7AB2A = {
						CreatedOnToolsVersion = 10.0;
					};
					3EDC7EE0216EB6AC00C7AB2A = {
						CreatedOnToolsVersion = 10.0;
					};
				};
			};
			buildConfigurationList = 3EDC7EC3216D6D1E00C7AB2A /* Build configuration list for PBXProject "threads" */;
			compatibilityVersion = "Xcode 9.3";
			developmentRegion = en;
			hasScannedForEncodings = 0;
			knownRegions = (
				en,
			);
			mainGroup = 3EDC7EBF216D6D1E00C7AB2A;
			productRefGroup = 3EDC7EC9216D6D1E00C7AB2A /* Products */;
			projectDirPath = "";
			projectRoot = "";
			targets = (
				3EDC7EC7216D6D1E00C7AB2A /* threads */,
				3EDC7ED5216EAE0600C7AB2A /* cal_waiting_time */,
				3EDC7EE0216EB6AC00C7AB2A /* test */,
			);
		};
/* End PBXProject section */

/* Begin PBXSourcesBuildPhase section */
		3EDC7EC4216D6D1E00C7AB2A /* Sources */ = {
			isa = PBXSourcesBuildPhase;
			buildActionMask = 2147483647;
			files = (
				3EDC7ECC216D6D1E00C7AB2A /* main.cpp in Sources */,
			);
			runOnlyForDeploymentPostprocessing = 0;
		};
		3EDC7ED2216EAE0600C7AB2A /* Sources */ = {
			isa = PBXSourcesBuildPhase;
			buildActionMask = 2147483647;
			files = (
				3EDC7ED9216EAE0600C7AB2A /* main.cpp in Sources */,
			);
			runOnlyForDeploymentPostprocessing = 0;
		};
		3EDC7EDD216EB6AC00C7AB2A /* Sources */ = {
			isa = PBXSourcesBuildPhase;
			buildActionMask = 2147483647;
			files = (
			);
			runOnlyForDeploymentPostprocessing = 0;
		};
/* End PBXSourcesBuildPhase section */

/* Begin XCBuildConfiguration section */
		3EDC7ECD216D6D1E00C7AB2A /* Debug */ = {
			isa = XCBuildConfiguration;
			buildSettings = {
				ALWAYS_SEARCH_USER_PATHS = NO;
				CLANG_ANALYZER_NONNULL = YES;
				CLANG_ANALYZER_NUMBER_OBJECT_CONVERSION = YES_AGGRESSIVE;
				CLANG_CXX_LANGUAGE_STANDARD = "gnu++14";
				CLANG_CXX_LIBRARY = "libc++";
				CLANG_ENABLE_MODULES = YES;
				CLANG_ENABLE_OBJC_ARC = YES;
				CLANG_ENABLE_OBJC_WEAK = YES;
				CLANG_WARN_BLOCK_CAPTURE_AUTORELEASING = YES;
				CLANG_WARN_BOOL_CONVERSION = YES;
				CLANG_WARN_COMMA = YES;
				CLANG_WARN_CONSTANT_CONVERSION = YES;
				CLANG_WARN_DEPRECATED_OBJC_IMPLEMENTATIONS = YES;
				CLANG_WARN_DIRECT_OBJC_ISA_USAGE = YES_ERROR;
				CLANG_WARN_DOCUMENTATION_COMMENTS = YES;
				CLANG_WARN_EMPTY_BODY = YES;
				CLANG_WARN_ENUM_CONVERSION = YES;
				CLANG_WARN_INFINITE_RECURSION = YES;
				CLANG_WARN_INT_CONVERSION = YES;
				CLANG_WARN_NON_LITERAL_NULL_CONVERSION = YES;
				CLANG_WARN_OBJC_IMPLICIT_RETAIN_SELF = YES;
				CLANG_WARN_OBJC_LITERAL_CONVERSION = YES;
				CLANG_WARN_OBJC_ROOT_CLASS = YES_ERROR;
				CLANG_WARN_RANGE_LOOP_ANALYSIS = YES;
				CLANG_WARN_STRICT_PROTOTYPES = YES;
				CLANG_WARN_SUSPICIOUS_MOVE = YES;
				CLANG_WARN_UNGUARDED_AVAILABILITY = YES_AGGRESSIVE;
				CLANG_WARN_UNREACHABLE_CODE = YES;
				CLANG_WARN__DUPLICATE_METHOD_MATCH = YES;
				CODE_SIGN_IDENTITY = "Mac Developer";
				COPY_PHASE_STRIP = NO;
				DEBUG_INFORMATION_FORMAT = dwarf;
				ENABLE_STRICT_OBJC_MSGSEND = YES;
				ENABLE_TESTABILITY = YES;
				GCC_C_LANGUAGE_STANDARD = gnu11;
				GCC_DYNAMIC_NO_PIC = NO;
				GCC_NO_COMMON_BLOCKS = YES;
				GCC_OPTIMIZATION_LEVEL = 0;
				GCC_PREPROCESSOR_DEFINITIONS = (
					"DEBUG=1",
					"$(inherited)",
				);
				GCC_WARN_64_TO_32_BIT_CONVERSION = YES;
				GCC_WARN_ABOUT_RETURN_TYPE = YES_ERROR;
				GCC_WARN_UNDECLARED_SELECTOR = YES;
				GCC_WARN_UNINITIALIZED_AUTOS = YES_AGGRESSIVE;
				GCC_WARN_UNUSED_FUNCTION = YES;
				GCC_WARN_UNUSED_VARIABLE = YES;
				MACOSX_DEPLOYMENT_TARGET = 10.14;
				MTL_ENABLE_DEBUG_INFO = INCLUDE_SOURCE;
				MTL_FAST_MATH = YES;
				ONLY_ACTIVE_ARCH = YES;
				SDKROOT = macosx;
			};
			name = Debug;
		};
		3EDC7ECE216D6D1E00C7AB2A /* Release */ = {
			isa = XCBuildConfiguration;
			buildSettings = {
				ALWAYS_SEARCH_USER_PATHS = NO;
				CLANG_ANALYZER_NONNULL = YES;
				CLANG_ANALYZER_NUMBER_OBJECT_CONVERSION = YES_AGGRESSIVE;
				CLANG_CXX_LANGUAGE_STANDARD = "gnu++14";
				CLANG_CXX_LIBRARY = "libc++";
				CLANG_ENABLE_MODULES = YES;
				CLANG_ENABLE_OBJC_ARC = YES;
				CLANG_ENABLE_OBJC_WEAK = YES;
				CLANG_WARN_BLOCK_CAPTURE_AUTORELEASING = YES;
				CLANG_WARN_BOOL_CONVERSION = YES;
				CLANG_WARN_COMMA = YES;
				CLANG_WARN_CONSTANT_CONVERSION = YES;
				CLANG_WARN_DEPRECATED_OBJC_IMPLEMENTATIONS = YES;
				CLANG_WARN_DIRECT_OBJC_ISA_USAGE = YES_ERROR;
				CLANG_WARN_DOCUMENTATION_COMMENTS = YES;
				CLANG_WARN_EMPTY_BODY = YES;
				CLANG_WARN_ENUM_CONVERSION = YES;
				CLANG_WARN_INFINITE_RECURSION = YES;
				CLANG_WARN_INT_CONVERSION = YES;
				CLANG_WARN_NON_LITERAL_NULL_CONVERSION = YES;
				CLANG_WARN_OBJC_IMPLICIT_RETAIN_SELF = YES;
				CLANG_WARN_OBJC_LITERAL_CONVERSION = YES;
				CLANG_WARN_OBJC_ROOT_CLASS = YES_ERROR;
				CLANG_WARN_RANGE_LOOP_ANALYSIS = YES;
				CLANG_WARN_STRICT_PROTOTYPES = YES;
				CLANG_WARN_SUSPICIOUS_MOVE = YES;
				CLANG_WARN_UNGUARDED_AVAILABILITY = YES_AGGRESSIVE;
				CLANG_WARN_UNREACHABLE_CODE = YES;
				CLANG_WARN__DUPLICATE_METHOD_MATCH = YES;
				CODE_SIGN_IDENTITY = "Mac Developer";
				COPY_PHASE_STRIP = NO;
				DEBUG_INFORMATION_FORMAT = "dwarf-with-dsym";
				ENABLE_NS_ASSERTIONS = NO;
				ENABLE_STRICT_OBJC_MSGSEND = YES;
				GCC_C_LANGUAGE_STANDARD = gnu11;
				GCC_NO_COMMON_BLOCKS = YES;
				GCC_WARN_64_TO_32_BIT_CONVERSION = YES;
				GCC_WARN_ABOUT_RETURN_TYPE = YES_ERROR;
				GCC_WARN_UNDECLARED_SELECTOR = YES;
				GCC_WARN_UNINITIALIZED_AUTOS = YES_AGGRESSIVE;
				GCC_WARN_UNUSED_FUNCTION = YES;
				GCC_WARN_UNUSED_VARIABLE = YES;
				MACOSX_DEPLOYMENT_TARGET = 10.14;
				MTL_ENABLE_DEBUG_INFO = NO;
				MTL_FAST_MATH = YES;
				SDKROOT = macosx;
			};
			name = Release;
		};
		3EDC7ED0216D6D1E00C7AB2A /* Debug */ = {
			isa = XCBuildConfiguration;
			buildSettings = {
				CODE_SIGN_STYLE = Automatic;
				DEVELOPMENT_TEAM = YF88RW88TG;
				PRODUCT_NAME = "$(TARGET_NAME)";
			};
			name = Debug;
		};
		3EDC7ED1216D6D1E00C7AB2A /* Release */ = {
			isa = XCBuildConfiguration;
			buildSettings = {
				CODE_SIGN_STYLE = Automatic;
				DEVELOPMENT_TEAM = YF88RW88TG;
				PRODUCT_NAME = "$(TARGET_NAME)";
			};
			name = Release;
		};
		3EDC7EDA216EAE0600C7AB2A /* Debug */ = {
			isa = XCBuildConfiguration;
			buildSettings = {
				CODE_SIGN_STYLE = Automatic;
				DEVELOPMENT_TEAM = YF88RW88TG;
				PRODUCT_NAME = "$(TARGET_NAME)";
			};
			name = Debug;
		};
		3EDC7EDB216EAE0600C7AB2A /* Release */ = {
			isa = XCBuildConfiguration;
			buildSettings = {
				CODE_SIGN_STYLE = Automatic;
				DEVELOPMENT_TEAM = YF88RW88TG;
				PRODUCT_NAME = "$(TARGET_NAME)";
			};
			name = Release;
		};
		3EDC7EE6216EB6AC00C7AB2A /* Debug */ = {
			isa = XCBuildConfiguration;
			buildSettings = {
				CODE_SIGN_STYLE = Automatic;
				DEVELOPMENT_TEAM = YF88RW88TG;
				PRODUCT_NAME = "$(TARGET_NAME)";
			};
			name = Debug;
		};
		3EDC7EE7216EB6AC00C7AB2A /* Release */ = {
			isa = XCBuildConfiguration;
			buildSettings = {
				CODE_SIGN_STYLE = Automatic;
				DEVELOPMENT_TEAM = YF88RW88TG;
				PRODUCT_NAME = "$(TARGET_NAME)";
			};
			name = Release;
		};
/* End XCBuildConfiguration section */

/* Begin XCConfigurationList section */
		3EDC7EC3216D6D1E00C7AB2A /* Build configuration list for PBXProject "threads" */ = {
			isa = XCConfigurationList;
			buildConfigurations = (
				3EDC7ECD216D6D1E00C7AB2A /* Debug */,
				3EDC7ECE216D6D1E00C7AB2A /* Release */,
			);
			defaultConfigurationIsVisible = 0;
			defaultConfigurationName = Release;
		};
		3EDC7ECF216D6D1E00C7AB2A /* Build configuration list for PBXNativeTarget "threads" */ = {
			isa = XCConfigurationList;
			buildConfigurations = (
				3EDC7ED0216D6D1E00C7AB2A /* Debug */,
				3EDC7ED1216D6D1E00C7AB2A /* Release */,
			);
			defaultConfigurationIsVisible = 0;
			defaultConfigurationName = Release;
		};
		3EDC7EDC216EAE0600C7AB2A /* Build configuration list for PBXNativeTarget "cal_waiting_time" */ = {
			isa = XCConfigurationList;
			buildConfigurations = (
				3EDC7EDA216EAE0600C7AB2A /* Debug */,
				3EDC7EDB216EAE0600C7AB2A /* Release */,
			);
			defaultConfigurationIsVisible = 0;
			defaultConfigurationName = Release;
		};
		3EDC7EE5216EB6AC00C7AB2A /* Build configuration list for PBXNativeTarget "test" */ = {
			isa = XCConfigurationList;
			buildConfigurations = (
				3EDC7EE6216EB6AC00C7AB2A /* Debug */,
				3EDC7EE7216EB6AC00C7AB2A /* Release */,
			);
			defaultConfigurationIsVisible = 0;
			defaultConfigurationName = Release;
		};
/* End XCConfigurationList section */
	};
	rootObject = 3EDC7EC0216D6D1E00C7AB2A /* Project object */;
}
